// !$*UTF8*$!
{
	archiveVersion = 1;
	classes = {
	};
	objectVersion = 55;
	objects = {

/* Begin PBXBuildFile section */
		413C2A38CF66178581C2078B /* Pods_WishList.framework in Frameworks */ = {isa = PBXBuildFile; fileRef = B983BD440F202D4F2B0E0909 /* Pods_WishList.framework */; };
		AA08DB7B29547F0800D17ABE /* WLItemImageView.swift in Sources */ = {isa = PBXBuildFile; fileRef = AA08DB7A29547F0800D17ABE /* WLItemImageView.swift */; };
		AA08DB7D2954856D00D17ABE /* WLItemListCell.swift in Sources */ = {isa = PBXBuildFile; fileRef = AA08DB7C2954856D00D17ABE /* WLItemListCell.swift */; };
		AA166D302954718600A8BE77 /* AppDelegate.swift in Sources */ = {isa = PBXBuildFile; fileRef = AA166D2F2954718600A8BE77 /* AppDelegate.swift */; };
		AA166D322954718600A8BE77 /* SceneDelegate.swift in Sources */ = {isa = PBXBuildFile; fileRef = AA166D312954718600A8BE77 /* SceneDelegate.swift */; };
		AA166D342954718600A8BE77 /* HomeViewController.swift in Sources */ = {isa = PBXBuildFile; fileRef = AA166D332954718600A8BE77 /* HomeViewController.swift */; };
		AA2EBB39296708C400C92BDF /* Item.swift in Sources */ = {isa = PBXBuildFile; fileRef = AA2EBB38296708C400C92BDF /* Item.swift */; };
		AA2EBB3B29670CA300C92BDF /* UICollectionView+Extensions.swift in Sources */ = {isa = PBXBuildFile; fileRef = AA2EBB3A29670CA300C92BDF /* UICollectionView+Extensions.swift */; };
		AA476DDC295C339500DDD81B /* WLLabelWithIcon.swift in Sources */ = {isa = PBXBuildFile; fileRef = AA476DDB295C339500DDD81B /* WLLabelWithIcon.swift */; };
		AA476DDF295C555300DDD81B /* HomeViewModel.swift in Sources */ = {isa = PBXBuildFile; fileRef = AA476DDE295C555300DDD81B /* HomeViewModel.swift */; };
		AA476DE1295C670E00DDD81B /* ItemDetailsViewController.swift in Sources */ = {isa = PBXBuildFile; fileRef = AA476DE0295C670E00DDD81B /* ItemDetailsViewController.swift */; };
		AA476DE7295C855800DDD81B /* WLImageUploadButton.swift in Sources */ = {isa = PBXBuildFile; fileRef = AA476DE6295C855800DDD81B /* WLImageUploadButton.swift */; };
		AA541FA6296D5E9800C9E782 /* WLTextField.swift in Sources */ = {isa = PBXBuildFile; fileRef = AA541FA5296D5E9800C9E782 /* WLTextField.swift */; };
		AA541FA8296D7F7D00C9E782 /* WLNavigationBarView.swift in Sources */ = {isa = PBXBuildFile; fileRef = AA541FA7296D7F7D00C9E782 /* WLNavigationBarView.swift */; };
		AA541FAA296D814600C9E782 /* UIFont+Extensions.swift in Sources */ = {isa = PBXBuildFile; fileRef = AA541FA9296D814600C9E782 /* UIFont+Extensions.swift */; };
		AA874E062977E16600A0DB9E /* CoreDataManager.swift in Sources */ = {isa = PBXBuildFile; fileRef = AA874E052977E16600A0DB9E /* CoreDataManager.swift */; };
		AA874E082977E56600A0DB9E /* NewItemViewModel.swift in Sources */ = {isa = PBXBuildFile; fileRef = AA874E072977E56600A0DB9E /* NewItemViewModel.swift */; };
		AA874E0B2977E91E00A0DB9E /* ItemRepository.swift in Sources */ = {isa = PBXBuildFile; fileRef = AA874E0A2977E91E00A0DB9E /* ItemRepository.swift */; };
		AA874E0D2977EDD000A0DB9E /* CategoryRepository.swift in Sources */ = {isa = PBXBuildFile; fileRef = AA874E0C2977EDD000A0DB9E /* CategoryRepository.swift */; };
		AA8DC9192965C89E008D3596 /* WishList.xcdatamodeld in Sources */ = {isa = PBXBuildFile; fileRef = AA8E4F452965BAFB00107FE6 /* WishList.xcdatamodeld */; };
		AA8DC91A2965C922008D3596 /* Assets.xcassets in Resources */ = {isa = PBXBuildFile; fileRef = AA166D3B2954718800A8BE77 /* Assets.xcassets */; };
		AA8DC91B2965C927008D3596 /* LaunchScreen.storyboard in Resources */ = {isa = PBXBuildFile; fileRef = AA166D3D2954718800A8BE77 /* LaunchScreen.storyboard */; };
		AA922183296C4FA000714286 /* NewItemCategoryViewController.swift in Sources */ = {isa = PBXBuildFile; fileRef = AA922182296C4FA000714286 /* NewItemCategoryViewController.swift */; };
		AAA6802B297005ED0035BF85 /* WLEmptyStateView.swift in Sources */ = {isa = PBXBuildFile; fileRef = AAA6802A297005ED0035BF85 /* WLEmptyStateView.swift */; };
		AAA6802D2970060D0035BF85 /* TestViewController.swift in Sources */ = {isa = PBXBuildFile; fileRef = AAA6802C2970060D0035BF85 /* TestViewController.swift */; };
		AAA6803129701E7A0035BF85 /* WishlistViewController.swift in Sources */ = {isa = PBXBuildFile; fileRef = AAA6803029701E7A0035BF85 /* WishlistViewController.swift */; };
		AAA6803329701F8C0035BF85 /* WishlistViewModel.swift in Sources */ = {isa = PBXBuildFile; fileRef = AAA6803229701F8C0035BF85 /* WishlistViewModel.swift */; };
		AAA68035297030400035BF85 /* WLWishlistCollectionViewCell.swift in Sources */ = {isa = PBXBuildFile; fileRef = AAA68034297030400035BF85 /* WLWishlistCollectionViewCell.swift */; };
		AAA68037297038700035BF85 /* ItemFilter.swift in Sources */ = {isa = PBXBuildFile; fileRef = AAA68036297038700035BF85 /* ItemFilter.swift */; };
		AAA68039297038950035BF85 /* ItemSort.swift in Sources */ = {isa = PBXBuildFile; fileRef = AAA68038297038950035BF85 /* ItemSort.swift */; };
		AAA6803B29704DC50035BF85 /* UIImage+Extensions.swift in Sources */ = {isa = PBXBuildFile; fileRef = AAA6803A29704DC50035BF85 /* UIImage+Extensions.swift */; };
		AAD65D4129549A610089FC85 /* NewItemViewController.swift in Sources */ = {isa = PBXBuildFile; fileRef = AAD65D4029549A610089FC85 /* NewItemViewController.swift */; };
		AADF2083296EB5340082732C /* WLEditButton.swift in Sources */ = {isa = PBXBuildFile; fileRef = AADF2082296EB5340082732C /* WLEditButton.swift */; };
/* End PBXBuildFile section */

/* Begin PBXFileReference section */
		8AC7B95895FF8C2F2D6141E5 /* Pods-WishList.release.xcconfig */ = {isa = PBXFileReference; includeInIndex = 1; lastKnownFileType = text.xcconfig; name = "Pods-WishList.release.xcconfig"; path = "Target Support Files/Pods-WishList/Pods-WishList.release.xcconfig"; sourceTree = "<group>"; };
		AA08DB7A29547F0800D17ABE /* WLItemImageView.swift */ = {isa = PBXFileReference; lastKnownFileType = sourcecode.swift; path = WLItemImageView.swift; sourceTree = "<group>"; };
		AA08DB7C2954856D00D17ABE /* WLItemListCell.swift */ = {isa = PBXFileReference; lastKnownFileType = sourcecode.swift; path = WLItemListCell.swift; sourceTree = "<group>"; };
		AA166D2C2954718500A8BE77 /* WishList.app */ = {isa = PBXFileReference; explicitFileType = wrapper.application; includeInIndex = 0; path = WishList.app; sourceTree = BUILT_PRODUCTS_DIR; };
		AA166D2F2954718600A8BE77 /* AppDelegate.swift */ = {isa = PBXFileReference; lastKnownFileType = sourcecode.swift; path = AppDelegate.swift; sourceTree = "<group>"; };
		AA166D312954718600A8BE77 /* SceneDelegate.swift */ = {isa = PBXFileReference; lastKnownFileType = sourcecode.swift; path = SceneDelegate.swift; sourceTree = "<group>"; };
		AA166D332954718600A8BE77 /* HomeViewController.swift */ = {isa = PBXFileReference; lastKnownFileType = sourcecode.swift; path = HomeViewController.swift; sourceTree = "<group>"; };
		AA166D3B2954718800A8BE77 /* Assets.xcassets */ = {isa = PBXFileReference; lastKnownFileType = folder.assetcatalog; path = Assets.xcassets; sourceTree = "<group>"; };
		AA166D3E2954718800A8BE77 /* Base */ = {isa = PBXFileReference; lastKnownFileType = file.storyboard; name = Base; path = Base.lproj/LaunchScreen.storyboard; sourceTree = "<group>"; };
		AA166D402954718800A8BE77 /* Info.plist */ = {isa = PBXFileReference; lastKnownFileType = text.plist.xml; path = Info.plist; sourceTree = "<group>"; };
		AA2EBB38296708C400C92BDF /* Item.swift */ = {isa = PBXFileReference; lastKnownFileType = sourcecode.swift; path = Item.swift; sourceTree = "<group>"; };
		AA2EBB3A29670CA300C92BDF /* UICollectionView+Extensions.swift */ = {isa = PBXFileReference; lastKnownFileType = sourcecode.swift; path = "UICollectionView+Extensions.swift"; sourceTree = "<group>"; };
		AA476DDB295C339500DDD81B /* WLLabelWithIcon.swift */ = {isa = PBXFileReference; lastKnownFileType = sourcecode.swift; path = WLLabelWithIcon.swift; sourceTree = "<group>"; };
		AA476DDE295C555300DDD81B /* HomeViewModel.swift */ = {isa = PBXFileReference; lastKnownFileType = sourcecode.swift; path = HomeViewModel.swift; sourceTree = "<group>"; };
		AA476DE0295C670E00DDD81B /* ItemDetailsViewController.swift */ = {isa = PBXFileReference; lastKnownFileType = sourcecode.swift; path = ItemDetailsViewController.swift; sourceTree = "<group>"; };
		AA476DE6295C855800DDD81B /* WLImageUploadButton.swift */ = {isa = PBXFileReference; lastKnownFileType = sourcecode.swift; path = WLImageUploadButton.swift; sourceTree = "<group>"; };
		AA541FA5296D5E9800C9E782 /* WLTextField.swift */ = {isa = PBXFileReference; lastKnownFileType = sourcecode.swift; path = WLTextField.swift; sourceTree = "<group>"; };
		AA541FA7296D7F7D00C9E782 /* WLNavigationBarView.swift */ = {isa = PBXFileReference; lastKnownFileType = sourcecode.swift; path = WLNavigationBarView.swift; sourceTree = "<group>"; };
		AA541FA9296D814600C9E782 /* UIFont+Extensions.swift */ = {isa = PBXFileReference; lastKnownFileType = sourcecode.swift; path = "UIFont+Extensions.swift"; sourceTree = "<group>"; };
		AA874E052977E16600A0DB9E /* CoreDataManager.swift */ = {isa = PBXFileReference; lastKnownFileType = sourcecode.swift; path = CoreDataManager.swift; sourceTree = "<group>"; };
		AA874E072977E56600A0DB9E /* NewItemViewModel.swift */ = {isa = PBXFileReference; lastKnownFileType = sourcecode.swift; path = NewItemViewModel.swift; sourceTree = "<group>"; };
		AA874E0A2977E91E00A0DB9E /* ItemRepository.swift */ = {isa = PBXFileReference; lastKnownFileType = sourcecode.swift; path = ItemRepository.swift; sourceTree = "<group>"; };
		AA874E0C2977EDD000A0DB9E /* CategoryRepository.swift */ = {isa = PBXFileReference; lastKnownFileType = sourcecode.swift; path = CategoryRepository.swift; sourceTree = "<group>"; };
		AA8E4F462965BAFB00107FE6 /* WishList.xcdatamodel */ = {isa = PBXFileReference; lastKnownFileType = wrapper.xcdatamodel; path = WishList.xcdatamodel; sourceTree = "<group>"; };
		AA922182296C4FA000714286 /* NewItemCategoryViewController.swift */ = {isa = PBXFileReference; lastKnownFileType = sourcecode.swift; path = NewItemCategoryViewController.swift; sourceTree = "<group>"; };
		AAA6802A297005ED0035BF85 /* WLEmptyStateView.swift */ = {isa = PBXFileReference; lastKnownFileType = sourcecode.swift; path = WLEmptyStateView.swift; sourceTree = "<group>"; };
		AAA6802C2970060D0035BF85 /* TestViewController.swift */ = {isa = PBXFileReference; lastKnownFileType = sourcecode.swift; path = TestViewController.swift; sourceTree = "<group>"; };
		AAA6803029701E7A0035BF85 /* WishlistViewController.swift */ = {isa = PBXFileReference; lastKnownFileType = sourcecode.swift; path = WishlistViewController.swift; sourceTree = "<group>"; };
		AAA6803229701F8C0035BF85 /* WishlistViewModel.swift */ = {isa = PBXFileReference; lastKnownFileType = sourcecode.swift; path = WishlistViewModel.swift; sourceTree = "<group>"; };
		AAA68034297030400035BF85 /* WLWishlistCollectionViewCell.swift */ = {isa = PBXFileReference; lastKnownFileType = sourcecode.swift; path = WLWishlistCollectionViewCell.swift; sourceTree = "<group>"; };
		AAA68036297038700035BF85 /* ItemFilter.swift */ = {isa = PBXFileReference; lastKnownFileType = sourcecode.swift; path = ItemFilter.swift; sourceTree = "<group>"; };
		AAA68038297038950035BF85 /* ItemSort.swift */ = {isa = PBXFileReference; lastKnownFileType = sourcecode.swift; path = ItemSort.swift; sourceTree = "<group>"; };
		AAA6803A29704DC50035BF85 /* UIImage+Extensions.swift */ = {isa = PBXFileReference; lastKnownFileType = sourcecode.swift; path = "UIImage+Extensions.swift"; sourceTree = "<group>"; };
		AAD65D4029549A610089FC85 /* NewItemViewController.swift */ = {isa = PBXFileReference; lastKnownFileType = sourcecode.swift; path = NewItemViewController.swift; sourceTree = "<group>"; };
		AADF2082296EB5340082732C /* WLEditButton.swift */ = {isa = PBXFileReference; lastKnownFileType = sourcecode.swift; path = WLEditButton.swift; sourceTree = "<group>"; };
		B983BD440F202D4F2B0E0909 /* Pods_WishList.framework */ = {isa = PBXFileReference; explicitFileType = wrapper.framework; includeInIndex = 0; path = Pods_WishList.framework; sourceTree = BUILT_PRODUCTS_DIR; };
		E8040C5610A5DBF0356567A0 /* Pods-WishList.debug.xcconfig */ = {isa = PBXFileReference; includeInIndex = 1; lastKnownFileType = text.xcconfig; name = "Pods-WishList.debug.xcconfig"; path = "Target Support Files/Pods-WishList/Pods-WishList.debug.xcconfig"; sourceTree = "<group>"; };
/* End PBXFileReference section */

/* Begin PBXFrameworksBuildPhase section */
		AA166D292954718500A8BE77 /* Frameworks */ = {
			isa = PBXFrameworksBuildPhase;
			buildActionMask = 2147483647;
			files = (
				413C2A38CF66178581C2078B /* Pods_WishList.framework in Frameworks */,
			);
			runOnlyForDeploymentPostprocessing = 0;
		};
/* End PBXFrameworksBuildPhase section */

/* Begin PBXGroup section */
		717F86FC6D6B26C9278DA472 /* Frameworks */ = {
			isa = PBXGroup;
			children = (
				B983BD440F202D4F2B0E0909 /* Pods_WishList.framework */,
			);
			name = Frameworks;
			sourceTree = "<group>";
		};
		AA08DB7929547EF700D17ABE /* Views */ = {
			isa = PBXGroup;
			children = (
				AA08DB7A29547F0800D17ABE /* WLItemImageView.swift */,
				AA08DB7C2954856D00D17ABE /* WLItemListCell.swift */,
				AA476DDB295C339500DDD81B /* WLLabelWithIcon.swift */,
				AA476DE6295C855800DDD81B /* WLImageUploadButton.swift */,
				AA541FA5296D5E9800C9E782 /* WLTextField.swift */,
				AA541FA7296D7F7D00C9E782 /* WLNavigationBarView.swift */,
				AADF2082296EB5340082732C /* WLEditButton.swift */,
				AAA6802A297005ED0035BF85 /* WLEmptyStateView.swift */,
				AAA68034297030400035BF85 /* WLWishlistCollectionViewCell.swift */,
			);
			path = Views;
			sourceTree = "<group>";
		};
		AA166D232954718500A8BE77 = {
			isa = PBXGroup;
			children = (
				AA166D2E2954718500A8BE77 /* WishList */,
				AA166D2D2954718500A8BE77 /* Products */,
				FEA7D135F22EA8F5A4277B97 /* Pods */,
				717F86FC6D6B26C9278DA472 /* Frameworks */,
			);
			sourceTree = "<group>";
		};
		AA166D2D2954718500A8BE77 /* Products */ = {
			isa = PBXGroup;
			children = (
				AA166D2C2954718500A8BE77 /* WishList.app */,
			);
			name = Products;
			sourceTree = "<group>";
		};
		AA166D2E2954718500A8BE77 /* WishList */ = {
			isa = PBXGroup;
			children = (
				AA874E092977E90C00A0DB9E /* Repositories */,
				AA2C61662966BBB2000A1A43 /* Model */,
				AA08DB7929547EF700D17ABE /* Views */,
				AA476DDD295C554300DDD81B /* ViewModel */,
				AAA68027296FF9470035BF85 /* ViewControllers */,
				AAA68026296FF9280035BF85 /* Utils */,
				AA166D2F2954718600A8BE77 /* AppDelegate.swift */,
				AA166D312954718600A8BE77 /* SceneDelegate.swift */,
				AA166D3B2954718800A8BE77 /* Assets.xcassets */,
				AA166D3D2954718800A8BE77 /* LaunchScreen.storyboard */,
				AA8E4F452965BAFB00107FE6 /* WishList.xcdatamodeld */,
				AA166D402954718800A8BE77 /* Info.plist */,
			);
			path = WishList;
			sourceTree = "<group>";
		};
		AA2C61662966BBB2000A1A43 /* Model */ = {
			isa = PBXGroup;
			children = (
				AA2EBB38296708C400C92BDF /* Item.swift */,
				AAA68036297038700035BF85 /* ItemFilter.swift */,
				AAA68038297038950035BF85 /* ItemSort.swift */,
			);
			path = Model;
			sourceTree = "<group>";
		};
		AA476DDD295C554300DDD81B /* ViewModel */ = {
			isa = PBXGroup;
			children = (
				AA476DDE295C555300DDD81B /* HomeViewModel.swift */,
				AAA6803229701F8C0035BF85 /* WishlistViewModel.swift */,
				AA874E052977E16600A0DB9E /* CoreDataManager.swift */,
				AA874E072977E56600A0DB9E /* NewItemViewModel.swift */,
			);
			path = ViewModel;
			sourceTree = "<group>";
		};
		AA874E092977E90C00A0DB9E /* Repositories */ = {
			isa = PBXGroup;
			children = (
				AA874E0A2977E91E00A0DB9E /* ItemRepository.swift */,
				AA874E0C2977EDD000A0DB9E /* CategoryRepository.swift */,
			);
			path = Repositories;
			sourceTree = "<group>";
		};
		AAA68026296FF9280035BF85 /* Utils */ = {
			isa = PBXGroup;
			children = (
				AA2EBB3A29670CA300C92BDF /* UICollectionView+Extensions.swift */,
				AA541FA9296D814600C9E782 /* UIFont+Extensions.swift */,
				AAA6803A29704DC50035BF85 /* UIImage+Extensions.swift */,
			);
			path = Utils;
			sourceTree = "<group>";
		};
		AAA68027296FF9470035BF85 /* ViewControllers */ = {
			isa = PBXGroup;
			children = (
				AAA6802C2970060D0035BF85 /* TestViewController.swift */,
				AA166D332954718600A8BE77 /* HomeViewController.swift */,
				AAD65D4029549A610089FC85 /* NewItemViewController.swift */,
				AA476DE0295C670E00DDD81B /* ItemDetailsViewController.swift */,
				AA922182296C4FA000714286 /* NewItemCategoryViewController.swift */,
				AAA6803029701E7A0035BF85 /* WishlistViewController.swift */,
			);
			path = ViewControllers;
			sourceTree = "<group>";
		};
		FEA7D135F22EA8F5A4277B97 /* Pods */ = {
			isa = PBXGroup;
			children = (
				E8040C5610A5DBF0356567A0 /* Pods-WishList.debug.xcconfig */,
				8AC7B95895FF8C2F2D6141E5 /* Pods-WishList.release.xcconfig */,
			);
			path = Pods;
			sourceTree = "<group>";
		};
/* End PBXGroup section */

/* Begin PBXNativeTarget section */
		AA166D2B2954718500A8BE77 /* WishList */ = {
			isa = PBXNativeTarget;
			buildConfigurationList = AA166D432954718800A8BE77 /* Build configuration list for PBXNativeTarget "WishList" */;
			buildPhases = (
				02F3B1EC01E28C25BBC8CF28 /* [CP] Check Pods Manifest.lock */,
				AA166D282954718500A8BE77 /* Sources */,
				AA166D292954718500A8BE77 /* Frameworks */,
				AA166D2A2954718500A8BE77 /* Resources */,
				3DBC672695AD8B931412F4FC /* [CP] Embed Pods Frameworks */,
			);
			buildRules = (
			);
			dependencies = (
			);
			name = WishList;
			productName = WishList;
			productReference = AA166D2C2954718500A8BE77 /* WishList.app */;
			productType = "com.apple.product-type.application";
		};
/* End PBXNativeTarget section */

/* Begin PBXProject section */
		AA166D242954718500A8BE77 /* Project object */ = {
			isa = PBXProject;
			attributes = {
				BuildIndependentTargetsInParallel = 1;
				LastSwiftUpdateCheck = 1410;
				LastUpgradeCheck = 1410;
				TargetAttributes = {
					AA166D2B2954718500A8BE77 = {
						CreatedOnToolsVersion = 14.1;
					};
				};
			};
			buildConfigurationList = AA166D272954718500A8BE77 /* Build configuration list for PBXProject "WishList" */;
			compatibilityVersion = "Xcode 13.0";
			developmentRegion = en;
			hasScannedForEncodings = 0;
			knownRegions = (
				en,
				Base,
			);
			mainGroup = AA166D232954718500A8BE77;
			productRefGroup = AA166D2D2954718500A8BE77 /* Products */;
			projectDirPath = "";
			projectRoot = "";
			targets = (
				AA166D2B2954718500A8BE77 /* WishList */,
			);
		};
/* End PBXProject section */

/* Begin PBXResourcesBuildPhase section */
		AA166D2A2954718500A8BE77 /* Resources */ = {
			isa = PBXResourcesBuildPhase;
			buildActionMask = 2147483647;
			files = (
				AA8DC91B2965C927008D3596 /* LaunchScreen.storyboard in Resources */,
				AA8DC91A2965C922008D3596 /* Assets.xcassets in Resources */,
			);
			runOnlyForDeploymentPostprocessing = 0;
		};
/* End PBXResourcesBuildPhase section */

/* Begin PBXShellScriptBuildPhase section */
		02F3B1EC01E28C25BBC8CF28 /* [CP] Check Pods Manifest.lock */ = {
			isa = PBXShellScriptBuildPhase;
			buildActionMask = 2147483647;
			files = (
			);
			inputFileListPaths = (
			);
			inputPaths = (
				"${PODS_PODFILE_DIR_PATH}/Podfile.lock",
				"${PODS_ROOT}/Manifest.lock",
			);
			name = "[CP] Check Pods Manifest.lock";
			outputFileListPaths = (
			);
			outputPaths = (
				"$(DERIVED_FILE_DIR)/Pods-WishList-checkManifestLockResult.txt",
			);
			runOnlyForDeploymentPostprocessing = 0;
			shellPath = /bin/sh;
			shellScript = "diff \"${PODS_PODFILE_DIR_PATH}/Podfile.lock\" \"${PODS_ROOT}/Manifest.lock\" > /dev/null\nif [ $? != 0 ] ; then\n    # print error to STDERR\n    echo \"error: The sandbox is not in sync with the Podfile.lock. Run 'pod install' or update your CocoaPods installation.\" >&2\n    exit 1\nfi\n# This output is used by Xcode 'outputs' to avoid re-running this script phase.\necho \"SUCCESS\" > \"${SCRIPT_OUTPUT_FILE_0}\"\n";
			showEnvVarsInLog = 0;
		};
		3DBC672695AD8B931412F4FC /* [CP] Embed Pods Frameworks */ = {
			isa = PBXShellScriptBuildPhase;
			buildActionMask = 2147483647;
			files = (
			);
			inputFileListPaths = (
				"${PODS_ROOT}/Target Support Files/Pods-WishList/Pods-WishList-frameworks-${CONFIGURATION}-input-files.xcfilelist",
			);
			name = "[CP] Embed Pods Frameworks";
			outputFileListPaths = (
				"${PODS_ROOT}/Target Support Files/Pods-WishList/Pods-WishList-frameworks-${CONFIGURATION}-output-files.xcfilelist",
			);
			runOnlyForDeploymentPostprocessing = 0;
			shellPath = /bin/sh;
			shellScript = "\"${PODS_ROOT}/Target Support Files/Pods-WishList/Pods-WishList-frameworks.sh\"\n";
			showEnvVarsInLog = 0;
		};
/* End PBXShellScriptBuildPhase section */

/* Begin PBXSourcesBuildPhase section */
		AA166D282954718500A8BE77 /* Sources */ = {
			isa = PBXSourcesBuildPhase;
			buildActionMask = 2147483647;
			files = (
				AA8DC9192965C89E008D3596 /* WishList.xcdatamodeld in Sources */,
				AADF2083296EB5340082732C /* WLEditButton.swift in Sources */,
				AA874E082977E56600A0DB9E /* NewItemViewModel.swift in Sources */,
				AA541FA6296D5E9800C9E782 /* WLTextField.swift in Sources */,
				AA874E0B2977E91E00A0DB9E /* ItemRepository.swift in Sources */,
				AA476DE7295C855800DDD81B /* WLImageUploadButton.swift in Sources */,
				AA2EBB3B29670CA300C92BDF /* UICollectionView+Extensions.swift in Sources */,
				AA541FA8296D7F7D00C9E782 /* WLNavigationBarView.swift in Sources */,
				AA874E0D2977EDD000A0DB9E /* CategoryRepository.swift in Sources */,
				AAA68035297030400035BF85 /* WLWishlistCollectionViewCell.swift in Sources */,
				AAA6803329701F8C0035BF85 /* WishlistViewModel.swift in Sources */,
				AAA68039297038950035BF85 /* ItemSort.swift in Sources */,
				AA166D342954718600A8BE77 /* HomeViewController.swift in Sources */,
				AAA68037297038700035BF85 /* ItemFilter.swift in Sources */,
				AAA6802D2970060D0035BF85 /* TestViewController.swift in Sources */,
				AA2EBB39296708C400C92BDF /* Item.swift in Sources */,
				AA476DE1295C670E00DDD81B /* ItemDetailsViewController.swift in Sources */,
				AA476DDF295C555300DDD81B /* HomeViewModel.swift in Sources */,
				AAA6802B297005ED0035BF85 /* WLEmptyStateView.swift in Sources */,
				AA476DDC295C339500DDD81B /* WLLabelWithIcon.swift in Sources */,
				AAA6803129701E7A0035BF85 /* WishlistViewController.swift in Sources */,
				AAD65D4129549A610089FC85 /* NewItemViewController.swift in Sources */,
				AA166D302954718600A8BE77 /* AppDelegate.swift in Sources */,
				AA166D322954718600A8BE77 /* SceneDelegate.swift in Sources */,
				AA08DB7D2954856D00D17ABE /* WLItemListCell.swift in Sources */,
				AA08DB7B29547F0800D17ABE /* WLItemImageView.swift in Sources */,
				AAA6803B29704DC50035BF85 /* UIImage+Extensions.swift in Sources */,
				AA541FAA296D814600C9E782 /* UIFont+Extensions.swift in Sources */,
				AA874E062977E16600A0DB9E /* CoreDataManager.swift in Sources */,
				AA922183296C4FA000714286 /* NewItemCategoryViewController.swift in Sources */,
			);
			runOnlyForDeploymentPostprocessing = 0;
		};
/* End PBXSourcesBuildPhase section */

/* Begin PBXVariantGroup section */
		AA166D3D2954718800A8BE77 /* LaunchScreen.storyboard */ = {
			isa = PBXVariantGroup;
			children = (
				AA166D3E2954718800A8BE77 /* Base */,
			);
			name = LaunchScreen.storyboard;
			sourceTree = "<group>";
		};
/* End PBXVariantGroup section */

/* Begin XCBuildConfiguration section */
		AA166D412954718800A8BE77 /* Debug */ = {
			isa = XCBuildConfiguration;
			buildSettings = {
				ALWAYS_SEARCH_USER_PATHS = NO;
				CLANG_ANALYZER_NONNULL = YES;
				CLANG_ANALYZER_NUMBER_OBJECT_CONVERSION = YES_AGGRESSIVE;
				CLANG_CXX_LANGUAGE_STANDARD = "gnu++20";
				CLANG_ENABLE_MODULES = YES;
				CLANG_ENABLE_OBJC_ARC = YES;
				CLANG_ENABLE_OBJC_WEAK = YES;
				CLANG_WARN_BLOCK_CAPTURE_AUTORELEASING = YES;
				CLANG_WARN_BOOL_CONVERSION = YES;
				CLANG_WARN_COMMA = YES;
				CLANG_WARN_CONSTANT_CONVERSION = YES;
				CLANG_WARN_DEPRECATED_OBJC_IMPLEMENTATIONS = YES;
				CLANG_WARN_DIRECT_OBJC_ISA_USAGE = YES_ERROR;
				CLANG_WARN_DOCUMENTATION_COMMENTS = YES;
				CLANG_WARN_EMPTY_BODY = YES;
				CLANG_WARN_ENUM_CONVERSION = YES;
				CLANG_WARN_INFINITE_RECURSION = YES;
				CLANG_WARN_INT_CONVERSION = YES;
				CLANG_WARN_NON_LITERAL_NULL_CONVERSION = YES;
				CLANG_WARN_OBJC_IMPLICIT_RETAIN_SELF = YES;
				CLANG_WARN_OBJC_LITERAL_CONVERSION = YES;
				CLANG_WARN_OBJC_ROOT_CLASS = YES_ERROR;
				CLANG_WARN_QUOTED_INCLUDE_IN_FRAMEWORK_HEADER = YES;
				CLANG_WARN_RANGE_LOOP_ANALYSIS = YES;
				CLANG_WARN_STRICT_PROTOTYPES = YES;
				CLANG_WARN_SUSPICIOUS_MOVE = YES;
				CLANG_WARN_UNGUARDED_AVAILABILITY = YES_AGGRESSIVE;
				CLANG_WARN_UNREACHABLE_CODE = YES;
				CLANG_WARN__DUPLICATE_METHOD_MATCH = YES;
				COPY_PHASE_STRIP = NO;
				DEBUG_INFORMATION_FORMAT = dwarf;
				ENABLE_STRICT_OBJC_MSGSEND = YES;
				ENABLE_TESTABILITY = YES;
				GCC_C_LANGUAGE_STANDARD = gnu11;
				GCC_DYNAMIC_NO_PIC = NO;
				GCC_NO_COMMON_BLOCKS = YES;
				GCC_OPTIMIZATION_LEVEL = 0;
				GCC_PREPROCESSOR_DEFINITIONS = (
					"DEBUG=1",
					"$(inherited)",
				);
				GCC_WARN_64_TO_32_BIT_CONVERSION = YES;
				GCC_WARN_ABOUT_RETURN_TYPE = YES_ERROR;
				GCC_WARN_UNDECLARED_SELECTOR = YES;
				GCC_WARN_UNINITIALIZED_AUTOS = YES_AGGRESSIVE;
				GCC_WARN_UNUSED_FUNCTION = YES;
				GCC_WARN_UNUSED_VARIABLE = YES;
				IPHONEOS_DEPLOYMENT_TARGET = 16.1;
				MTL_ENABLE_DEBUG_INFO = INCLUDE_SOURCE;
				MTL_FAST_MATH = YES;
				ONLY_ACTIVE_ARCH = YES;
				SDKROOT = iphoneos;
				SWIFT_ACTIVE_COMPILATION_CONDITIONS = DEBUG;
				SWIFT_OPTIMIZATION_LEVEL = "-Onone";
			};
			name = Debug;
		};
		AA166D422954718800A8BE77 /* Release */ = {
			isa = XCBuildConfiguration;
			buildSettings = {
				ALWAYS_SEARCH_USER_PATHS = NO;
				CLANG_ANALYZER_NONNULL = YES;
				CLANG_ANALYZER_NUMBER_OBJECT_CONVERSION = YES_AGGRESSIVE;
				CLANG_CXX_LANGUAGE_STANDARD = "gnu++20";
				CLANG_ENABLE_MODULES = YES;
				CLANG_ENABLE_OBJC_ARC = YES;
				CLANG_ENABLE_OBJC_WEAK = YES;
				CLANG_WARN_BLOCK_CAPTURE_AUTORELEASING = YES;
				CLANG_WARN_BOOL_CONVERSION = YES;
				CLANG_WARN_COMMA = YES;
				CLANG_WARN_CONSTANT_CONVERSION = YES;
				CLANG_WARN_DEPRECATED_OBJC_IMPLEMENTATIONS = YES;
				CLANG_WARN_DIRECT_OBJC_ISA_USAGE = YES_ERROR;
				CLANG_WARN_DOCUMENTATION_COMMENTS = YES;
				CLANG_WARN_EMPTY_BODY = YES;
				CLANG_WARN_ENUM_CONVERSION = YES;
				CLANG_WARN_INFINITE_RECURSION = YES;
				CLANG_WARN_INT_CONVERSION = YES;
				CLANG_WARN_NON_LITERAL_NULL_CONVERSION = YES;
				CLANG_WARN_OBJC_IMPLICIT_RETAIN_SELF = YES;
				CLANG_WARN_OBJC_LITERAL_CONVERSION = YES;
				CLANG_WARN_OBJC_ROOT_CLASS = YES_ERROR;
				CLANG_WARN_QUOTED_INCLUDE_IN_FRAMEWORK_HEADER = YES;
				CLANG_WARN_RANGE_LOOP_ANALYSIS = YES;
				CLANG_WARN_STRICT_PROTOTYPES = YES;
				CLANG_WARN_SUSPICIOUS_MOVE = YES;
				CLANG_WARN_UNGUARDED_AVAILABILITY = YES_AGGRESSIVE;
				CLANG_WARN_UNREACHABLE_CODE = YES;
				CLANG_WARN__DUPLICATE_METHOD_MATCH = YES;
				COPY_PHASE_STRIP = NO;
				DEBUG_INFORMATION_FORMAT = "dwarf-with-dsym";
				ENABLE_NS_ASSERTIONS = NO;
				ENABLE_STRICT_OBJC_MSGSEND = YES;
				GCC_C_LANGUAGE_STANDARD = gnu11;
				GCC_NO_COMMON_BLOCKS = YES;
				GCC_WARN_64_TO_32_BIT_CONVERSION = YES;
				GCC_WARN_ABOUT_RETURN_TYPE = YES_ERROR;
				GCC_WARN_UNDECLARED_SELECTOR = YES;
				GCC_WARN_UNINITIALIZED_AUTOS = YES_AGGRESSIVE;
				GCC_WARN_UNUSED_FUNCTION = YES;
				GCC_WARN_UNUSED_VARIABLE = YES;
				IPHONEOS_DEPLOYMENT_TARGET = 16.1;
				MTL_ENABLE_DEBUG_INFO = NO;
				MTL_FAST_MATH = YES;
				SDKROOT = iphoneos;
				SWIFT_COMPILATION_MODE = wholemodule;
				SWIFT_OPTIMIZATION_LEVEL = "-O";
				VALIDATE_PRODUCT = YES;
			};
			name = Release;
		};
		AA166D442954718800A8BE77 /* Debug */ = {
			isa = XCBuildConfiguration;
			baseConfigurationReference = E8040C5610A5DBF0356567A0 /* Pods-WishList.debug.xcconfig */;
			buildSettings = {
				ASSETCATALOG_COMPILER_APPICON_NAME = AppIcon;
				ASSETCATALOG_COMPILER_GLOBAL_ACCENT_COLOR_NAME = AccentColor;
				CODE_SIGN_STYLE = Automatic;
				CURRENT_PROJECT_VERSION = 1;
				DEVELOPMENT_TEAM = X6Y57JP5V3;
				GENERATE_INFOPLIST_FILE = YES;
				INFOPLIST_FILE = WishList/Info.plist;
				INFOPLIST_KEY_UIApplicationSupportsIndirectInputEvents = YES;
				INFOPLIST_KEY_UILaunchStoryboardName = LaunchScreen;
				INFOPLIST_KEY_UIMainStoryboardFile = "";
				INFOPLIST_KEY_UISupportedInterfaceOrientations_iPad = "UIInterfaceOrientationPortrait UIInterfaceOrientationPortraitUpsideDown UIInterfaceOrientationLandscapeLeft UIInterfaceOrientationLandscapeRight";
				INFOPLIST_KEY_UISupportedInterfaceOrientations_iPhone = "UIInterfaceOrientationPortrait UIInterfaceOrientationLandscapeLeft UIInterfaceOrientationLandscapeRight";
				LD_RUNPATH_SEARCH_PATHS = (
					"$(inherited)",
					"@executable_path/Frameworks",
				);
				MARKETING_VERSION = 1.0;
				PRODUCT_BUNDLE_IDENTIFIER = com.markokos.WishList;
				PRODUCT_NAME = "$(TARGET_NAME)";
				SWIFT_EMIT_LOC_STRINGS = YES;
				SWIFT_VERSION = 5.0;
				TARGETED_DEVICE_FAMILY = "1,2";
			};
			name = Debug;
		};
		AA166D452954718800A8BE77 /* Release */ = {
			isa = XCBuildConfiguration;
			baseConfigurationReference = 8AC7B95895FF8C2F2D6141E5 /* Pods-WishList.release.xcconfig */;
			buildSettings = {
				ASSETCATALOG_COMPILER_APPICON_NAME = AppIcon;
				ASSETCATALOG_COMPILER_GLOBAL_ACCENT_COLOR_NAME = AccentColor;
				CODE_SIGN_STYLE = Automatic;
				CURRENT_PROJECT_VERSION = 1;
				DEVELOPMENT_TEAM = X6Y57JP5V3;
				GENERATE_INFOPLIST_FILE = YES;
				INFOPLIST_FILE = WishList/Info.plist;
				INFOPLIST_KEY_UIApplicationSupportsIndirectInputEvents = YES;
				INFOPLIST_KEY_UILaunchStoryboardName = LaunchScreen;
				INFOPLIST_KEY_UIMainStoryboardFile = "";
				INFOPLIST_KEY_UISupportedInterfaceOrientations_iPad = "UIInterfaceOrientationPortrait UIInterfaceOrientationPortraitUpsideDown UIInterfaceOrientationLandscapeLeft UIInterfaceOrientationLandscapeRight";
				INFOPLIST_KEY_UISupportedInterfaceOrientations_iPhone = "UIInterfaceOrientationPortrait UIInterfaceOrientationLandscapeLeft UIInterfaceOrientationLandscapeRight";
				LD_RUNPATH_SEARCH_PATHS = (
					"$(inherited)",
					"@executable_path/Frameworks",
				);
				MARKETING_VERSION = 1.0;
				PRODUCT_BUNDLE_IDENTIFIER = com.markokos.WishList;
				PRODUCT_NAME = "$(TARGET_NAME)";
				SWIFT_EMIT_LOC_STRINGS = YES;
				SWIFT_VERSION = 5.0;
				TARGETED_DEVICE_FAMILY = "1,2";
			};
			name = Release;
		};
/* End XCBuildConfiguration section */

/* Begin XCConfigurationList section */
		AA166D272954718500A8BE77 /* Build configuration list for PBXProject "WishList" */ = {
			isa = XCConfigurationList;
			buildConfigurations = (
				AA166D412954718800A8BE77 /* Debug */,
				AA166D422954718800A8BE77 /* Release */,
			);
			defaultConfigurationIsVisible = 0;
			defaultConfigurationName = Release;
		};
		AA166D432954718800A8BE77 /* Build configuration list for PBXNativeTarget "WishList" */ = {
			isa = XCConfigurationList;
			buildConfigurations = (
				AA166D442954718800A8BE77 /* Debug */,
				AA166D452954718800A8BE77 /* Release */,
			);
			defaultConfigurationIsVisible = 0;
			defaultConfigurationName = Release;
		};
/* End XCConfigurationList section */

/* Begin XCVersionGroup section */
		AA8E4F452965BAFB00107FE6 /* WishList.xcdatamodeld */ = {
			isa = XCVersionGroup;
			children = (
				AA8E4F462965BAFB00107FE6 /* WishList.xcdatamodel */,
			);
			currentVersion = AA8E4F462965BAFB00107FE6 /* WishList.xcdatamodel */;
			path = WishList.xcdatamodeld;
			sourceTree = "<group>";
			versionGroupType = wrapper.xcdatamodel;
		};
/* End XCVersionGroup section */
	};
	rootObject = AA166D242954718500A8BE77 /* Project object */;
}
